
Microsoft Visual Studio Solution File, Format Version 12.00
# Visual Studio Version 17
VisualStudioVersion = 17.10.35004.147
MinimumVisualStudioVersion = 10.0.40219.1
Project("{9A19103F-16F7-4668-BE54-9A1E7A4F7556}") = "Cabras_LabActivity1", "Cabras_LabActivity1\Cabras_LabActivity1.csproj", "{B2D348B2-1BD1-40EE-81B6-EC0F839AE5EF}"
EndProject
Global
	GlobalSection(SolutionConfigurationPlatforms) = preSolution
		Debug|Any CPU = Debug|Any CPU
		Release|Any CPU = Release|Any CPU
	EndGlobalSection
	GlobalSection(ProjectConfigurationPlatforms) = postSolution
		{B2D348B2-1BD1-40EE-81B6-EC0F839AE5EF}.Debug|Any CPU.ActiveCfg = Debug|Any CPU
		{B2D348B2-1BD1-40EE-81B6-EC0F839AE5EF}.Debug|Any CPU.Build.0 = Debug|Any CPU
		{B2D348B2-1BD1-40EE-81B6-EC0F839AE5EF}.Debug|Any CPU.Deploy.0 = Debug|Any CPU
		{B2D348B2-1BD1-40EE-81B6-EC0F839AE5EF}.Release|Any CPU.ActiveCfg = Release|Any CPU
		{B2D348B2-1BD1-40EE-81B6-EC0F839AE5EF}.Release|Any CPU.Build.0 = Release|Any CPU
		{B2D348B2-1BD1-40EE-81B6-EC0F839AE5EF}.Release|Any CPU.Deploy.0 = Release|Any CPU
	EndGlobalSection
	GlobalSection(SolutionProperties) = preSolution
		HideSolutionNode = FALSE
	EndGlobalSection
	GlobalSection(ExtensibilityGlobals) = postSolution
		SolutionGuid = {94C2BC03-7A41-4A91-9515-E23AF223D7DD}
	EndGlobalSection
EndGlobal
